// !$*UTF8*$!
{
	archiveVersion = 1;
	classes = {
	};
	objectVersion = 50;
	objects = {

/* Begin PBXBuildFile section */
		C9882B032572AE5E00D23D8E /* TabbarController.swift in Sources */ = {isa = PBXBuildFile; fileRef = C9882B022572AE5E00D23D8E /* TabbarController.swift */; };
		C9882B082572B00A00D23D8E /* WeatherTodayController.swift in Sources */ = {isa = PBXBuildFile; fileRef = C9882B072572B00A00D23D8E /* WeatherTodayController.swift */; };
		C9882B0D2572B08000D23D8E /* ImagesOfTheDayController.swift in Sources */ = {isa = PBXBuildFile; fileRef = C9882B0C2572B08000D23D8E /* ImagesOfTheDayController.swift */; };
		C9AA5E26257236C300538166 /* AppDelegate.swift in Sources */ = {isa = PBXBuildFile; fileRef = C9AA5E25257236C300538166 /* AppDelegate.swift */; };
		C9AA5E2F257236C500538166 /* Assets.xcassets in Resources */ = {isa = PBXBuildFile; fileRef = C9AA5E2E257236C500538166 /* Assets.xcassets */; };
		C9AA5E32257236C500538166 /* LaunchScreen.storyboard in Resources */ = {isa = PBXBuildFile; fileRef = C9AA5E30257236C500538166 /* LaunchScreen.storyboard */; };
		C9CB5F8C2572C0D6003CD569 /* EndPoints.swift in Sources */ = {isa = PBXBuildFile; fileRef = C9CB5F8B2572C0D6003CD569 /* EndPoints.swift */; };
		C9CB5F8F2572C13B003CD569 /* Environment.swift in Sources */ = {isa = PBXBuildFile; fileRef = C9CB5F8E2572C13B003CD569 /* Environment.swift */; };
		C9CB5F922572C32F003CD569 /* WeatherDataModel.swift in Sources */ = {isa = PBXBuildFile; fileRef = C9CB5F912572C32F003CD569 /* WeatherDataModel.swift */; };
/* End PBXBuildFile section */

/* Begin PBXFileReference section */
		C9882B022572AE5E00D23D8E /* TabbarController.swift */ = {isa = PBXFileReference; lastKnownFileType = sourcecode.swift; path = TabbarController.swift; sourceTree = "<group>"; };
		C9882B072572B00A00D23D8E /* WeatherTodayController.swift */ = {isa = PBXFileReference; lastKnownFileType = sourcecode.swift; path = WeatherTodayController.swift; sourceTree = "<group>"; };
		C9882B0C2572B08000D23D8E /* ImagesOfTheDayController.swift */ = {isa = PBXFileReference; lastKnownFileType = sourcecode.swift; path = ImagesOfTheDayController.swift; sourceTree = "<group>"; };
		C9AA5E22257236C300538166 /* MyFancyWeatherApp.app */ = {isa = PBXFileReference; explicitFileType = wrapper.application; includeInIndex = 0; path = MyFancyWeatherApp.app; sourceTree = BUILT_PRODUCTS_DIR; };
		C9AA5E25257236C300538166 /* AppDelegate.swift */ = {isa = PBXFileReference; lastKnownFileType = sourcecode.swift; path = AppDelegate.swift; sourceTree = "<group>"; };
		C9AA5E2E257236C500538166 /* Assets.xcassets */ = {isa = PBXFileReference; lastKnownFileType = folder.assetcatalog; path = Assets.xcassets; sourceTree = "<group>"; };
		C9AA5E31257236C500538166 /* Base */ = {isa = PBXFileReference; lastKnownFileType = file.storyboard; name = Base; path = Base.lproj/LaunchScreen.storyboard; sourceTree = "<group>"; };
		C9AA5E33257236C500538166 /* Info.plist */ = {isa = PBXFileReference; lastKnownFileType = text.plist.xml; path = Info.plist; sourceTree = "<group>"; };
		C9CB5F732572C057003CD569 /* Development.xcconfig */ = {isa = PBXFileReference; lastKnownFileType = text.xcconfig; path = Development.xcconfig; sourceTree = "<group>"; };
		C9CB5F742572C061003CD569 /* Production.xcconfig */ = {isa = PBXFileReference; lastKnownFileType = text.xcconfig; path = Production.xcconfig; sourceTree = "<group>"; };
		C9CB5F8B2572C0D6003CD569 /* EndPoints.swift */ = {isa = PBXFileReference; lastKnownFileType = sourcecode.swift; path = EndPoints.swift; sourceTree = "<group>"; };
		C9CB5F8E2572C13B003CD569 /* Environment.swift */ = {isa = PBXFileReference; lastKnownFileType = sourcecode.swift; path = Environment.swift; sourceTree = "<group>"; };
		C9CB5F912572C32F003CD569 /* WeatherDataModel.swift */ = {isa = PBXFileReference; lastKnownFileType = sourcecode.swift; path = WeatherDataModel.swift; sourceTree = "<group>"; };
/* End PBXFileReference section */

/* Begin PBXFrameworksBuildPhase section */
		C9AA5E1F257236C300538166 /* Frameworks */ = {
			isa = PBXFrameworksBuildPhase;
			buildActionMask = 2147483647;
			files = (
			);
			runOnlyForDeploymentPostprocessing = 0;
		};
/* End PBXFrameworksBuildPhase section */

/* Begin PBXGroup section */
		C9AA5E19257236C300538166 = {
			isa = PBXGroup;
			children = (
				C9AA5E24257236C300538166 /* MyFancyWeatherApp */,
				C9AA5E23257236C300538166 /* Products */,
			);
			sourceTree = "<group>";
		};
		C9AA5E23257236C300538166 /* Products */ = {
			isa = PBXGroup;
			children = (
				C9AA5E22257236C300538166 /* MyFancyWeatherApp.app */,
			);
			name = Products;
			sourceTree = "<group>";
		};
		C9AA5E24257236C300538166 /* MyFancyWeatherApp */ = {
			isa = PBXGroup;
			children = (
				C9AA5E25257236C300538166 /* AppDelegate.swift */,
				C9CB5F9D2572C51B003CD569 /* Modules */,
				C9CB5F9C2572C4FF003CD569 /* Networking */,
				C9CB5F9A2572C4E2003CD569 /* Environment */,
				C9CB5F992572C4B3003CD569 /* Resources */,
			);
			path = MyFancyWeatherApp;
			sourceTree = "<group>";
		};
		C9CB5F962572C47F003CD569 /* WeatherToday */ = {
			isa = PBXGroup;
			children = (
				C9882B072572B00A00D23D8E /* WeatherTodayController.swift */,
				C9CB5F912572C32F003CD569 /* WeatherDataModel.swift */,
			);
			path = WeatherToday;
			sourceTree = "<group>";
		};
		C9CB5F982572C48F003CD569 /* ImagesofTheDay */ = {
			isa = PBXGroup;
			children = (
				C9882B0C2572B08000D23D8E /* ImagesOfTheDayController.swift */,
			);
			path = ImagesofTheDay;
			sourceTree = "<group>";
		};
		C9CB5F992572C4B3003CD569 /* Resources */ = {
			isa = PBXGroup;
			children = (
				C9AA5E30257236C500538166 /* LaunchScreen.storyboard */,
				C9AA5E2E257236C500538166 /* Assets.xcassets */,
				C9AA5E33257236C500538166 /* Info.plist */,
			);
			path = Resources;
			sourceTree = "<group>";
		};
		C9CB5F9A2572C4E2003CD569 /* Environment */ = {
			isa = PBXGroup;
			children = (
				C9CB5F732572C057003CD569 /* Development.xcconfig */,
				C9CB5F742572C061003CD569 /* Production.xcconfig */,
				C9CB5F8E2572C13B003CD569 /* Environment.swift */,
			);
			path = Environment;
			sourceTree = "<group>";
		};
		C9CB5F9C2572C4FF003CD569 /* Networking */ = {
			isa = PBXGroup;
			children = (
				C9CB5F8B2572C0D6003CD569 /* EndPoints.swift */,
			);
			path = Networking;
			sourceTree = "<group>";
		};
		C9CB5F9D2572C51B003CD569 /* Modules */ = {
			isa = PBXGroup;
			children = (
				C9882B022572AE5E00D23D8E /* TabbarController.swift */,
				C9CB5F982572C48F003CD569 /* ImagesofTheDay */,
				C9CB5F962572C47F003CD569 /* WeatherToday */,
			);
			path = Modules;
			sourceTree = "<group>";
		};
/* End PBXGroup section */

/* Begin PBXNativeTarget section */
		C9AA5E21257236C300538166 /* MyFancyWeatherApp */ = {
			isa = PBXNativeTarget;
			buildConfigurationList = C9AA5E4C257236C500538166 /* Build configuration list for PBXNativeTarget "MyFancyWeatherApp" */;
			buildPhases = (
				C9AA5E1E257236C300538166 /* Sources */,
				C9AA5E1F257236C300538166 /* Frameworks */,
				C9AA5E20257236C300538166 /* Resources */,
			);
			buildRules = (
			);
			dependencies = (
			);
			name = MyFancyWeatherApp;
			productName = MyFancyWeatherApp;
			productReference = C9AA5E22257236C300538166 /* MyFancyWeatherApp.app */;
			productType = "com.apple.product-type.application";
		};
/* End PBXNativeTarget section */

/* Begin PBXProject section */
		C9AA5E1A257236C300538166 /* Project object */ = {
			isa = PBXProject;
			attributes = {
				LastSwiftUpdateCheck = 1220;
				LastUpgradeCheck = 1220;
				TargetAttributes = {
					C9AA5E21257236C300538166 = {
						CreatedOnToolsVersion = 12.2;
					};
				};
			};
			buildConfigurationList = C9AA5E1D257236C300538166 /* Build configuration list for PBXProject "MyFancyWeatherApp" */;
			compatibilityVersion = "Xcode 9.3";
			developmentRegion = en;
			hasScannedForEncodings = 0;
			knownRegions = (
				en,
				Base,
			);
			mainGroup = C9AA5E19257236C300538166;
			productRefGroup = C9AA5E23257236C300538166 /* Products */;
			projectDirPath = "";
			projectRoot = "";
			targets = (
				C9AA5E21257236C300538166 /* MyFancyWeatherApp */,
			);
		};
/* End PBXProject section */

/* Begin PBXResourcesBuildPhase section */
		C9AA5E20257236C300538166 /* Resources */ = {
			isa = PBXResourcesBuildPhase;
			buildActionMask = 2147483647;
			files = (
				C9AA5E32257236C500538166 /* LaunchScreen.storyboard in Resources */,
				C9AA5E2F257236C500538166 /* Assets.xcassets in Resources */,
			);
			runOnlyForDeploymentPostprocessing = 0;
		};
/* End PBXResourcesBuildPhase section */

/* Begin PBXSourcesBuildPhase section */
		C9AA5E1E257236C300538166 /* Sources */ = {
			isa = PBXSourcesBuildPhase;
			buildActionMask = 2147483647;
			files = (
				C9AA5E26257236C300538166 /* AppDelegate.swift in Sources */,
				C9CB5F8F2572C13B003CD569 /* Environment.swift in Sources */,
				C9CB5F922572C32F003CD569 /* WeatherDataModel.swift in Sources */,
				C9CB5F8C2572C0D6003CD569 /* EndPoints.swift in Sources */,
				C9882B032572AE5E00D23D8E /* TabbarController.swift in Sources */,
				C9882B082572B00A00D23D8E /* WeatherTodayController.swift in Sources */,
				C9882B0D2572B08000D23D8E /* ImagesOfTheDayController.swift in Sources */,
			);
			runOnlyForDeploymentPostprocessing = 0;
		};
/* End PBXSourcesBuildPhase section */

/* Begin PBXVariantGroup section */
		C9AA5E30257236C500538166 /* LaunchScreen.storyboard */ = {
			isa = PBXVariantGroup;
			children = (
				C9AA5E31257236C500538166 /* Base */,
			);
			name = LaunchScreen.storyboard;
			sourceTree = "<group>";
		};
/* End PBXVariantGroup section */

/* Begin XCBuildConfiguration section */
		C9AA5E4A257236C500538166 /* Debug */ = {
			isa = XCBuildConfiguration;
			buildSettings = {
				ALWAYS_SEARCH_USER_PATHS = NO;
				CLANG_ANALYZER_NONNULL = YES;
				CLANG_ANALYZER_NUMBER_OBJECT_CONVERSION = YES_AGGRESSIVE;
				CLANG_CXX_LANGUAGE_STANDARD = "gnu++14";
				CLANG_CXX_LIBRARY = "libc++";
				CLANG_ENABLE_MODULES = YES;
				CLANG_ENABLE_OBJC_ARC = YES;
				CLANG_ENABLE_OBJC_WEAK = YES;
				CLANG_WARN_BLOCK_CAPTURE_AUTORELEASING = YES;
				CLANG_WARN_BOOL_CONVERSION = YES;
				CLANG_WARN_COMMA = YES;
				CLANG_WARN_CONSTANT_CONVERSION = YES;
				CLANG_WARN_DEPRECATED_OBJC_IMPLEMENTATIONS = YES;
				CLANG_WARN_DIRECT_OBJC_ISA_USAGE = YES_ERROR;
				CLANG_WARN_DOCUMENTATION_COMMENTS = YES;
				CLANG_WARN_EMPTY_BODY = YES;
				CLANG_WARN_ENUM_CONVERSION = YES;
				CLANG_WARN_INFINITE_RECURSION = YES;
				CLANG_WARN_INT_CONVERSION = YES;
				CLANG_WARN_NON_LITERAL_NULL_CONVERSION = YES;
				CLANG_WARN_OBJC_IMPLICIT_RETAIN_SELF = YES;
				CLANG_WARN_OBJC_LITERAL_CONVERSION = YES;
				CLANG_WARN_OBJC_ROOT_CLASS = YES_ERROR;
				CLANG_WARN_QUOTED_INCLUDE_IN_FRAMEWORK_HEADER = YES;
				CLANG_WARN_RANGE_LOOP_ANALYSIS = YES;
				CLANG_WARN_STRICT_PROTOTYPES = YES;
				CLANG_WARN_SUSPICIOUS_MOVE = YES;
				CLANG_WARN_UNGUARDED_AVAILABILITY = YES_AGGRESSIVE;
				CLANG_WARN_UNREACHABLE_CODE = YES;
				CLANG_WARN__DUPLICATE_METHOD_MATCH = YES;
				COPY_PHASE_STRIP = NO;
				DEBUG_INFORMATION_FORMAT = dwarf;
				ENABLE_STRICT_OBJC_MSGSEND = YES;
				ENABLE_TESTABILITY = YES;
				GCC_C_LANGUAGE_STANDARD = gnu11;
				GCC_DYNAMIC_NO_PIC = NO;
				GCC_NO_COMMON_BLOCKS = YES;
				GCC_OPTIMIZATION_LEVEL = 0;
				GCC_PREPROCESSOR_DEFINITIONS = (
					"DEBUG=1",
					"$(inherited)",
				);
				GCC_WARN_64_TO_32_BIT_CONVERSION = YES;
				GCC_WARN_ABOUT_RETURN_TYPE = YES_ERROR;
				GCC_WARN_UNDECLARED_SELECTOR = YES;
				GCC_WARN_UNINITIALIZED_AUTOS = YES_AGGRESSIVE;
				GCC_WARN_UNUSED_FUNCTION = YES;
				GCC_WARN_UNUSED_VARIABLE = YES;
				IPHONEOS_DEPLOYMENT_TARGET = 14.2;
				MTL_ENABLE_DEBUG_INFO = INCLUDE_SOURCE;
				MTL_FAST_MATH = YES;
				ONLY_ACTIVE_ARCH = YES;
				SDKROOT = iphoneos;
				SWIFT_ACTIVE_COMPILATION_CONDITIONS = DEBUG;
				SWIFT_OPTIMIZATION_LEVEL = "-Onone";
			};
			name = Debug;
		};
		C9AA5E4B257236C500538166 /* Release */ = {
			isa = XCBuildConfiguration;
			buildSettings = {
				ALWAYS_SEARCH_USER_PATHS = NO;
				CLANG_ANALYZER_NONNULL = YES;
				CLANG_ANALYZER_NUMBER_OBJECT_CONVERSION = YES_AGGRESSIVE;
				CLANG_CXX_LANGUAGE_STANDARD = "gnu++14";
				CLANG_CXX_LIBRARY = "libc++";
				CLANG_ENABLE_MODULES = YES;
				CLANG_ENABLE_OBJC_ARC = YES;
				CLANG_ENABLE_OBJC_WEAK = YES;
				CLANG_WARN_BLOCK_CAPTURE_AUTORELEASING = YES;
				CLANG_WARN_BOOL_CONVERSION = YES;
				CLANG_WARN_COMMA = YES;
				CLANG_WARN_CONSTANT_CONVERSION = YES;
				CLANG_WARN_DEPRECATED_OBJC_IMPLEMENTATIONS = YES;
				CLANG_WARN_DIRECT_OBJC_ISA_USAGE = YES_ERROR;
				CLANG_WARN_DOCUMENTATION_COMMENTS = YES;
				CLANG_WARN_EMPTY_BODY = YES;
				CLANG_WARN_ENUM_CONVERSION = YES;
				CLANG_WARN_INFINITE_RECURSION = YES;
				CLANG_WARN_INT_CONVERSION = YES;
				CLANG_WARN_NON_LITERAL_NULL_CONVERSION = YES;
				CLANG_WARN_OBJC_IMPLICIT_RETAIN_SELF = YES;
				CLANG_WARN_OBJC_LITERAL_CONVERSION = YES;
				CLANG_WARN_OBJC_ROOT_CLASS = YES_ERROR;
				CLANG_WARN_QUOTED_INCLUDE_IN_FRAMEWORK_HEADER = YES;
				CLANG_WARN_RANGE_LOOP_ANALYSIS = YES;
				CLANG_WARN_STRICT_PROTOTYPES = YES;
				CLANG_WARN_SUSPICIOUS_MOVE = YES;
				CLANG_WARN_UNGUARDED_AVAILABILITY = YES_AGGRESSIVE;
				CLANG_WARN_UNREACHABLE_CODE = YES;
				CLANG_WARN__DUPLICATE_METHOD_MATCH = YES;
				COPY_PHASE_STRIP = NO;
				DEBUG_INFORMATION_FORMAT = "dwarf-with-dsym";
				ENABLE_NS_ASSERTIONS = NO;
				ENABLE_STRICT_OBJC_MSGSEND = YES;
				GCC_C_LANGUAGE_STANDARD = gnu11;
				GCC_NO_COMMON_BLOCKS = YES;
				GCC_WARN_64_TO_32_BIT_CONVERSION = YES;
				GCC_WARN_ABOUT_RETURN_TYPE = YES_ERROR;
				GCC_WARN_UNDECLARED_SELECTOR = YES;
				GCC_WARN_UNINITIALIZED_AUTOS = YES_AGGRESSIVE;
				GCC_WARN_UNUSED_FUNCTION = YES;
				GCC_WARN_UNUSED_VARIABLE = YES;
				IPHONEOS_DEPLOYMENT_TARGET = 14.2;
				MTL_ENABLE_DEBUG_INFO = NO;
				MTL_FAST_MATH = YES;
				SDKROOT = iphoneos;
				SWIFT_COMPILATION_MODE = wholemodule;
				SWIFT_OPTIMIZATION_LEVEL = "-O";
				VALIDATE_PRODUCT = YES;
			};
			name = Release;
		};
		C9AA5E4D257236C500538166 /* Debug */ = {
			isa = XCBuildConfiguration;
			baseConfigurationReference = C9CB5F732572C057003CD569 /* Development.xcconfig */;
			buildSettings = {
				ASSETCATALOG_COMPILER_APPICON_NAME = AppIcon;
				ASSETCATALOG_COMPILER_GLOBAL_ACCENT_COLOR_NAME = AccentColor;
				CODE_SIGN_STYLE = Automatic;
				DEVELOPMENT_TEAM = BDZ9JJAWHH;
				INFOPLIST_FILE = MyFancyWeatherApp/Resources/Info.plist;
				IPHONEOS_DEPLOYMENT_TARGET = 13.0;
				LD_RUNPATH_SEARCH_PATHS = (
					"$(inherited)",
					"@executable_path/Frameworks",
				);
				PRODUCT_BUNDLE_IDENTIFIER = SanadBarjawi.MyFancyWeatherApp;
				PRODUCT_NAME = "$(TARGET_NAME)";
				SWIFT_VERSION = 5.0;
				TARGETED_DEVICE_FAMILY = 1;
			};
			name = Debug;
		};
		C9AA5E4E257236C500538166 /* Release */ = {
			isa = XCBuildConfiguration;
			baseConfigurationReference = C9CB5F742572C061003CD569 /* Production.xcconfig */;
			buildSettings = {
				ASSETCATALOG_COMPILER_APPICON_NAME = AppIcon;
				ASSETCATALOG_COMPILER_GLOBAL_ACCENT_COLOR_NAME = AccentColor;
				CODE_SIGN_STYLE = Automatic;
				DEVELOPMENT_TEAM = BDZ9JJAWHH;
				INFOPLIST_FILE = MyFancyWeatherApp/Resources/Info.plist;
				IPHONEOS_DEPLOYMENT_TARGET = 13.0;
				LD_RUNPATH_SEARCH_PATHS = (
					"$(inherited)",
					"@executable_path/Frameworks",
				);
				PRODUCT_BUNDLE_IDENTIFIER = SanadBarjawi.MyFancyWeatherApp;
				PRODUCT_NAME = "$(TARGET_NAME)";
				SWIFT_VERSION = 5.0;
				TARGETED_DEVICE_FAMILY = 1;
			};
			name = Release;
		};
/* End XCBuildConfiguration section */

/* Begin XCConfigurationList section */
		C9AA5E1D257236C300538166 /* Build configuration list for PBXProject "MyFancyWeatherApp" */ = {
			isa = XCConfigurationList;
			buildConfigurations = (
				C9AA5E4A257236C500538166 /* Debug */,
				C9AA5E4B257236C500538166 /* Release */,
			);
			defaultConfigurationIsVisible = 0;
			defaultConfigurationName = Release;
		};
		C9AA5E4C257236C500538166 /* Build configuration list for PBXNativeTarget "MyFancyWeatherApp" */ = {
			isa = XCConfigurationList;
			buildConfigurations = (
				C9AA5E4D257236C500538166 /* Debug */,
				C9AA5E4E257236C500538166 /* Release */,
			);
			defaultConfigurationIsVisible = 0;
			defaultConfigurationName = Release;
		};
/* End XCConfigurationList section */
	};
	rootObject = C9AA5E1A257236C300538166 /* Project object */;
}
