// !$*UTF8*$!
{
	archiveVersion = 1;
	classes = {
	};
	objectVersion = 51;
	objects = {

/* Begin PBXBuildFile section */
		B9B4277D1659A9FE50C5AB25 /* Pods_MyFancyWeatherApp.framework in Frameworks */ = {isa = PBXBuildFile; fileRef = 39A780D2108DFB4C99472DD3 /* Pods_MyFancyWeatherApp.framework */; };
		C9219019257321730040A58D /* UIScrollViewExtension.swift in Sources */ = {isa = PBXBuildFile; fileRef = C9219018257321730040A58D /* UIScrollViewExtension.swift */; };
		C921901D257323050040A58D /* JosefinSans-Semibold.ttf in Resources */ = {isa = PBXBuildFile; fileRef = C921901C257322F60040A58D /* JosefinSans-Semibold.ttf */; };
		C92509F52572EFD600EB1ED9 /* WindTableCell.swift in Sources */ = {isa = PBXBuildFile; fileRef = C92509F42572EFD600EB1ED9 /* WindTableCell.swift */; };
		C92509F92572EFE300EB1ED9 /* CloudTableCell.swift in Sources */ = {isa = PBXBuildFile; fileRef = C92509F82572EFE300EB1ED9 /* CloudTableCell.swift */; };
		C92509FC257301D500EB1ED9 /* Constants.swift in Sources */ = {isa = PBXBuildFile; fileRef = C92509FB257301D500EB1ED9 /* Constants.swift */; };
		C92509FF2573052500EB1ED9 /* UserDefaultsHelper.swift in Sources */ = {isa = PBXBuildFile; fileRef = C92509FE2573052500EB1ED9 /* UserDefaultsHelper.swift */; };
		C9250A0525730A8A00EB1ED9 /* UIImageViewExtension.swift in Sources */ = {isa = PBXBuildFile; fileRef = C9250A0425730A8A00EB1ED9 /* UIImageViewExtension.swift */; };
		C9250A082573127800EB1ED9 /* ImageofTheDayCell.swift in Sources */ = {isa = PBXBuildFile; fileRef = C9250A072573127800EB1ED9 /* ImageofTheDayCell.swift */; };
		C930EA182572C76E005EA823 /* NetworkingManager.swift in Sources */ = {isa = PBXBuildFile; fileRef = C930EA172572C76E005EA823 /* NetworkingManager.swift */; };
		C930EA1B2572C80C005EA823 /* NetworkingInterface.swift in Sources */ = {isa = PBXBuildFile; fileRef = C930EA1A2572C80B005EA823 /* NetworkingInterface.swift */; };
		C930EA1E2572C824005EA823 /* StatusCode.swift in Sources */ = {isa = PBXBuildFile; fileRef = C930EA1D2572C824005EA823 /* StatusCode.swift */; };
		C930EA212572C859005EA823 /* HTTPMethod.swift in Sources */ = {isa = PBXBuildFile; fileRef = C930EA202572C859005EA823 /* HTTPMethod.swift */; };
		C930EA242572CC22005EA823 /* DictionaryExtension.swift in Sources */ = {isa = PBXBuildFile; fileRef = C930EA232572CC22005EA823 /* DictionaryExtension.swift */; };
		C930EA282572D872005EA823 /* Main.storyboard in Resources */ = {isa = PBXBuildFile; fileRef = C930EA272572D872005EA823 /* Main.storyboard */; };
		C930EA2E2572DC81005EA823 /* WeatherTodayPresenter.swift in Sources */ = {isa = PBXBuildFile; fileRef = C930EA2D2572DC81005EA823 /* WeatherTodayPresenter.swift */; };
		C930EA3F2572DD14005EA823 /* BaseMVP.swift in Sources */ = {isa = PBXBuildFile; fileRef = C930EA3E2572DD14005EA823 /* BaseMVP.swift */; };
		C930EA432572DE75005EA823 /* WeatherService.swift in Sources */ = {isa = PBXBuildFile; fileRef = C930EA422572DE75005EA823 /* WeatherService.swift */; };
		C930EA4A2572E3CC005EA823 /* CountryModel.swift in Sources */ = {isa = PBXBuildFile; fileRef = C930EA492572E3CC005EA823 /* CountryModel.swift */; };
		C930EA502572E73F005EA823 /* MainTableCell.swift in Sources */ = {isa = PBXBuildFile; fileRef = C930EA4F2572E73F005EA823 /* MainTableCell.swift */; };
		C930EA552572E777005EA823 /* CellAbstraction.swift in Sources */ = {isa = PBXBuildFile; fileRef = C930EA542572E777005EA823 /* CellAbstraction.swift */; };
		C9882B082572B00A00D23D8E /* WeatherTodayController.swift in Sources */ = {isa = PBXBuildFile; fileRef = C9882B072572B00A00D23D8E /* WeatherTodayController.swift */; };
		C9882B0D2572B08000D23D8E /* ImagesOfTheDayController.swift in Sources */ = {isa = PBXBuildFile; fileRef = C9882B0C2572B08000D23D8E /* ImagesOfTheDayController.swift */; };
		C9AA5E26257236C300538166 /* AppDelegate.swift in Sources */ = {isa = PBXBuildFile; fileRef = C9AA5E25257236C300538166 /* AppDelegate.swift */; };
		C9AA5E2F257236C500538166 /* Assets.xcassets in Resources */ = {isa = PBXBuildFile; fileRef = C9AA5E2E257236C500538166 /* Assets.xcassets */; };
		C9AA5E32257236C500538166 /* LaunchScreen.storyboard in Resources */ = {isa = PBXBuildFile; fileRef = C9AA5E30257236C500538166 /* LaunchScreen.storyboard */; };
		C9CB5F8C2572C0D6003CD569 /* EndPoints.swift in Sources */ = {isa = PBXBuildFile; fileRef = C9CB5F8B2572C0D6003CD569 /* EndPoints.swift */; };
		C9CB5F8F2572C13B003CD569 /* Environment.swift in Sources */ = {isa = PBXBuildFile; fileRef = C9CB5F8E2572C13B003CD569 /* Environment.swift */; };
		C9CB5F922572C32F003CD569 /* WeatherDataModel.swift in Sources */ = {isa = PBXBuildFile; fileRef = C9CB5F912572C32F003CD569 /* WeatherDataModel.swift */; };
		C9CDA8212576A31100BEB86D /* URLSessionDataTaskOperation.swift in Sources */ = {isa = PBXBuildFile; fileRef = C9CDA8202576A31100BEB86D /* URLSessionDataTaskOperation.swift */; };
		C9FDF5532573285D00E0BE14 /* Localizable.strings in Resources */ = {isa = PBXBuildFile; fileRef = C9FDF5552573285D00E0BE14 /* Localizable.strings */; };
/* End PBXBuildFile section */

/* Begin PBXFileReference section */
		39A780D2108DFB4C99472DD3 /* Pods_MyFancyWeatherApp.framework */ = {isa = PBXFileReference; explicitFileType = wrapper.framework; includeInIndex = 0; path = Pods_MyFancyWeatherApp.framework; sourceTree = BUILT_PRODUCTS_DIR; };
		3B79E1EBB6CA597B084EF056 /* Pods-MyFancyWeatherApp.debug.xcconfig */ = {isa = PBXFileReference; includeInIndex = 1; lastKnownFileType = text.xcconfig; name = "Pods-MyFancyWeatherApp.debug.xcconfig"; path = "Target Support Files/Pods-MyFancyWeatherApp/Pods-MyFancyWeatherApp.debug.xcconfig"; sourceTree = "<group>"; };
		C9219018257321730040A58D /* UIScrollViewExtension.swift */ = {isa = PBXFileReference; lastKnownFileType = sourcecode.swift; path = UIScrollViewExtension.swift; sourceTree = "<group>"; };
		C921901C257322F60040A58D /* JosefinSans-Semibold.ttf */ = {isa = PBXFileReference; lastKnownFileType = file; path = "JosefinSans-Semibold.ttf"; sourceTree = "<group>"; };
		C92509F42572EFD600EB1ED9 /* WindTableCell.swift */ = {isa = PBXFileReference; lastKnownFileType = sourcecode.swift; path = WindTableCell.swift; sourceTree = "<group>"; };
		C92509F82572EFE300EB1ED9 /* CloudTableCell.swift */ = {isa = PBXFileReference; lastKnownFileType = sourcecode.swift; path = CloudTableCell.swift; sourceTree = "<group>"; };
		C92509FB257301D500EB1ED9 /* Constants.swift */ = {isa = PBXFileReference; lastKnownFileType = sourcecode.swift; path = Constants.swift; sourceTree = "<group>"; };
		C92509FE2573052500EB1ED9 /* UserDefaultsHelper.swift */ = {isa = PBXFileReference; lastKnownFileType = sourcecode.swift; path = UserDefaultsHelper.swift; sourceTree = "<group>"; };
		C9250A0425730A8A00EB1ED9 /* UIImageViewExtension.swift */ = {isa = PBXFileReference; lastKnownFileType = sourcecode.swift; path = UIImageViewExtension.swift; sourceTree = "<group>"; };
		C9250A072573127800EB1ED9 /* ImageofTheDayCell.swift */ = {isa = PBXFileReference; lastKnownFileType = sourcecode.swift; path = ImageofTheDayCell.swift; sourceTree = "<group>"; };
		C930EA172572C76E005EA823 /* NetworkingManager.swift */ = {isa = PBXFileReference; lastKnownFileType = sourcecode.swift; path = NetworkingManager.swift; sourceTree = "<group>"; };
		C930EA1A2572C80B005EA823 /* NetworkingInterface.swift */ = {isa = PBXFileReference; lastKnownFileType = sourcecode.swift; path = NetworkingInterface.swift; sourceTree = "<group>"; };
		C930EA1D2572C824005EA823 /* StatusCode.swift */ = {isa = PBXFileReference; lastKnownFileType = sourcecode.swift; path = StatusCode.swift; sourceTree = "<group>"; };
		C930EA202572C859005EA823 /* HTTPMethod.swift */ = {isa = PBXFileReference; lastKnownFileType = sourcecode.swift; path = HTTPMethod.swift; sourceTree = "<group>"; };
		C930EA232572CC22005EA823 /* DictionaryExtension.swift */ = {isa = PBXFileReference; lastKnownFileType = sourcecode.swift; path = DictionaryExtension.swift; sourceTree = "<group>"; };
		C930EA272572D872005EA823 /* Main.storyboard */ = {isa = PBXFileReference; lastKnownFileType = file.storyboard; path = Main.storyboard; sourceTree = "<group>"; };
		C930EA2D2572DC81005EA823 /* WeatherTodayPresenter.swift */ = {isa = PBXFileReference; lastKnownFileType = sourcecode.swift; path = WeatherTodayPresenter.swift; sourceTree = "<group>"; };
		C930EA3E2572DD14005EA823 /* BaseMVP.swift */ = {isa = PBXFileReference; lastKnownFileType = sourcecode.swift; path = BaseMVP.swift; sourceTree = "<group>"; };
		C930EA422572DE75005EA823 /* WeatherService.swift */ = {isa = PBXFileReference; lastKnownFileType = sourcecode.swift; path = WeatherService.swift; sourceTree = "<group>"; };
		C930EA492572E3CC005EA823 /* CountryModel.swift */ = {isa = PBXFileReference; lastKnownFileType = sourcecode.swift; path = CountryModel.swift; sourceTree = "<group>"; };
		C930EA4F2572E73F005EA823 /* MainTableCell.swift */ = {isa = PBXFileReference; lastKnownFileType = sourcecode.swift; path = MainTableCell.swift; sourceTree = "<group>"; };
		C930EA542572E777005EA823 /* CellAbstraction.swift */ = {isa = PBXFileReference; lastKnownFileType = sourcecode.swift; path = CellAbstraction.swift; sourceTree = "<group>"; };
		C9882B072572B00A00D23D8E /* WeatherTodayController.swift */ = {isa = PBXFileReference; lastKnownFileType = sourcecode.swift; path = WeatherTodayController.swift; sourceTree = "<group>"; };
		C9882B0C2572B08000D23D8E /* ImagesOfTheDayController.swift */ = {isa = PBXFileReference; lastKnownFileType = sourcecode.swift; path = ImagesOfTheDayController.swift; sourceTree = "<group>"; };
		C9AA5E22257236C300538166 /* MyFancyWeatherApp.app */ = {isa = PBXFileReference; explicitFileType = wrapper.application; includeInIndex = 0; path = MyFancyWeatherApp.app; sourceTree = BUILT_PRODUCTS_DIR; };
		C9AA5E25257236C300538166 /* AppDelegate.swift */ = {isa = PBXFileReference; lastKnownFileType = sourcecode.swift; path = AppDelegate.swift; sourceTree = "<group>"; };
		C9AA5E2E257236C500538166 /* Assets.xcassets */ = {isa = PBXFileReference; lastKnownFileType = folder.assetcatalog; path = Assets.xcassets; sourceTree = "<group>"; };
		C9AA5E31257236C500538166 /* Base */ = {isa = PBXFileReference; lastKnownFileType = file.storyboard; name = Base; path = Base.lproj/LaunchScreen.storyboard; sourceTree = "<group>"; };
		C9AA5E33257236C500538166 /* Info.plist */ = {isa = PBXFileReference; lastKnownFileType = text.plist.xml; path = Info.plist; sourceTree = "<group>"; };
		C9CB5F732572C057003CD569 /* Development.xcconfig */ = {isa = PBXFileReference; lastKnownFileType = text.xcconfig; path = Development.xcconfig; sourceTree = "<group>"; };
		C9CB5F742572C061003CD569 /* Production.xcconfig */ = {isa = PBXFileReference; lastKnownFileType = text.xcconfig; path = Production.xcconfig; sourceTree = "<group>"; };
		C9CB5F8B2572C0D6003CD569 /* EndPoints.swift */ = {isa = PBXFileReference; lastKnownFileType = sourcecode.swift; path = EndPoints.swift; sourceTree = "<group>"; };
		C9CB5F8E2572C13B003CD569 /* Environment.swift */ = {isa = PBXFileReference; lastKnownFileType = sourcecode.swift; path = Environment.swift; sourceTree = "<group>"; };
		C9CB5F912572C32F003CD569 /* WeatherDataModel.swift */ = {isa = PBXFileReference; lastKnownFileType = sourcecode.swift; path = WeatherDataModel.swift; sourceTree = "<group>"; };
		C9CDA8202576A31100BEB86D /* URLSessionDataTaskOperation.swift */ = {isa = PBXFileReference; lastKnownFileType = sourcecode.swift; path = URLSessionDataTaskOperation.swift; sourceTree = "<group>"; };
		C9FDF54B257327BB00E0BE14 /* ar */ = {isa = PBXFileReference; lastKnownFileType = text.plist.strings; name = ar; path = ar.lproj/LaunchScreen.strings; sourceTree = "<group>"; };
		C9FDF5542573285D00E0BE14 /* ar */ = {isa = PBXFileReference; lastKnownFileType = text.plist.strings; name = ar; path = ar.lproj/Localizable.strings; sourceTree = "<group>"; };
		C9FDF5572573286400E0BE14 /* en */ = {isa = PBXFileReference; lastKnownFileType = text.plist.strings; name = en; path = en.lproj/Localizable.strings; sourceTree = "<group>"; };
		CF3F904AA32B60C77F90A3A2 /* Pods-MyFancyWeatherApp.release.xcconfig */ = {isa = PBXFileReference; includeInIndex = 1; lastKnownFileType = text.xcconfig; name = "Pods-MyFancyWeatherApp.release.xcconfig"; path = "Target Support Files/Pods-MyFancyWeatherApp/Pods-MyFancyWeatherApp.release.xcconfig"; sourceTree = "<group>"; };
/* End PBXFileReference section */

/* Begin PBXFrameworksBuildPhase section */
		C9AA5E1F257236C300538166 /* Frameworks */ = {
			isa = PBXFrameworksBuildPhase;
			buildActionMask = 2147483647;
			files = (
				B9B4277D1659A9FE50C5AB25 /* Pods_MyFancyWeatherApp.framework in Frameworks */,
			);
			runOnlyForDeploymentPostprocessing = 0;
		};
/* End PBXFrameworksBuildPhase section */

/* Begin PBXGroup section */
		41C35FD321FE59E6C1DFD424 /* Frameworks */ = {
			isa = PBXGroup;
			children = (
				39A780D2108DFB4C99472DD3 /* Pods_MyFancyWeatherApp.framework */,
			);
			name = Frameworks;
			sourceTree = "<group>";
		};
		9E10932CD6F3E63C998F317F /* Pods */ = {
			isa = PBXGroup;
			children = (
				3B79E1EBB6CA597B084EF056 /* Pods-MyFancyWeatherApp.debug.xcconfig */,
				CF3F904AA32B60C77F90A3A2 /* Pods-MyFancyWeatherApp.release.xcconfig */,
			);
			path = Pods;
			sourceTree = "<group>";
		};
		C921901B257322E30040A58D /* Font */ = {
			isa = PBXGroup;
			children = (
				C921901C257322F60040A58D /* JosefinSans-Semibold.ttf */,
			);
			path = Font;
			sourceTree = "<group>";
		};
		C930EA3D2572DCFE005EA823 /* BaseArch */ = {
			isa = PBXGroup;
			children = (
				C930EA3E2572DD14005EA823 /* BaseMVP.swift */,
			);
			path = BaseArch;
			sourceTree = "<group>";
		};
		C930EA4C2572E3D3005EA823 /* Models */ = {
			isa = PBXGroup;
			children = (
				C9CB5F912572C32F003CD569 /* WeatherDataModel.swift */,
				C930EA492572E3CC005EA823 /* CountryModel.swift */,
			);
			path = Models;
			sourceTree = "<group>";
		};
		C930EA4E2572E720005EA823 /* Cells */ = {
			isa = PBXGroup;
			children = (
				C930EA4F2572E73F005EA823 /* MainTableCell.swift */,
				C92509F42572EFD600EB1ED9 /* WindTableCell.swift */,
				C92509F82572EFE300EB1ED9 /* CloudTableCell.swift */,
			);
			path = Cells;
			sourceTree = "<group>";
		};
		C930EA532572E762005EA823 /* Protocols */ = {
			isa = PBXGroup;
			children = (
				C930EA542572E777005EA823 /* CellAbstraction.swift */,
			);
			path = Protocols;
			sourceTree = "<group>";
		};
		C930EA592572E7D1005EA823 /* Helpers */ = {
			isa = PBXGroup;
			children = (
				C9CDA81F2576A2FA00BEB86D /* Operations */,
				C930EA532572E762005EA823 /* Protocols */,
				C92509FB257301D500EB1ED9 /* Constants.swift */,
				C92509FE2573052500EB1ED9 /* UserDefaultsHelper.swift */,
				C9250A0425730A8A00EB1ED9 /* UIImageViewExtension.swift */,
				C9219018257321730040A58D /* UIScrollViewExtension.swift */,
			);
			path = Helpers;
			sourceTree = "<group>";
		};
		C9AA5E19257236C300538166 = {
			isa = PBXGroup;
			children = (
				C9AA5E24257236C300538166 /* MyFancyWeatherApp */,
				C9AA5E23257236C300538166 /* Products */,
				9E10932CD6F3E63C998F317F /* Pods */,
				41C35FD321FE59E6C1DFD424 /* Frameworks */,
			);
			sourceTree = "<group>";
		};
		C9AA5E23257236C300538166 /* Products */ = {
			isa = PBXGroup;
			children = (
				C9AA5E22257236C300538166 /* MyFancyWeatherApp.app */,
			);
			name = Products;
			sourceTree = "<group>";
		};
		C9AA5E24257236C300538166 /* MyFancyWeatherApp */ = {
			isa = PBXGroup;
			children = (
				C930EA592572E7D1005EA823 /* Helpers */,
				C930EA3D2572DCFE005EA823 /* BaseArch */,
				C9AA5E25257236C300538166 /* AppDelegate.swift */,
				C930EA272572D872005EA823 /* Main.storyboard */,
				C9CB5F9D2572C51B003CD569 /* Modules */,
				C9CB5F9C2572C4FF003CD569 /* Networking */,
				C9CB5F9A2572C4E2003CD569 /* Environment */,
				C9CB5F992572C4B3003CD569 /* Resources */,
				C930EA232572CC22005EA823 /* DictionaryExtension.swift */,
				C9FDF5552573285D00E0BE14 /* Localizable.strings */,
			);
			path = MyFancyWeatherApp;
			sourceTree = "<group>";
		};
		C9CB5F962572C47F003CD569 /* WeatherToday */ = {
			isa = PBXGroup;
			children = (
				C930EA4E2572E720005EA823 /* Cells */,
				C930EA4C2572E3D3005EA823 /* Models */,
				C930EA422572DE75005EA823 /* WeatherService.swift */,
				C9882B072572B00A00D23D8E /* WeatherTodayController.swift */,
				C930EA2D2572DC81005EA823 /* WeatherTodayPresenter.swift */,
			);
			path = WeatherToday;
			sourceTree = "<group>";
		};
		C9CB5F982572C48F003CD569 /* ImagesofTheDay */ = {
			isa = PBXGroup;
			children = (
				C9882B0C2572B08000D23D8E /* ImagesOfTheDayController.swift */,
				C9250A072573127800EB1ED9 /* ImageofTheDayCell.swift */,
			);
			path = ImagesofTheDay;
			sourceTree = "<group>";
		};
		C9CB5F992572C4B3003CD569 /* Resources */ = {
			isa = PBXGroup;
			children = (
				C921901B257322E30040A58D /* Font */,
				C9AA5E30257236C500538166 /* LaunchScreen.storyboard */,
				C9AA5E2E257236C500538166 /* Assets.xcassets */,
				C9AA5E33257236C500538166 /* Info.plist */,
			);
			path = Resources;
			sourceTree = "<group>";
		};
		C9CB5F9A2572C4E2003CD569 /* Environment */ = {
			isa = PBXGroup;
			children = (
				C9CB5F732572C057003CD569 /* Development.xcconfig */,
				C9CB5F742572C061003CD569 /* Production.xcconfig */,
				C9CB5F8E2572C13B003CD569 /* Environment.swift */,
			);
			path = Environment;
			sourceTree = "<group>";
		};
		C9CB5F9C2572C4FF003CD569 /* Networking */ = {
			isa = PBXGroup;
			children = (
				C9CB5F8B2572C0D6003CD569 /* EndPoints.swift */,
				C930EA172572C76E005EA823 /* NetworkingManager.swift */,
				C930EA1A2572C80B005EA823 /* NetworkingInterface.swift */,
				C930EA1D2572C824005EA823 /* StatusCode.swift */,
				C930EA202572C859005EA823 /* HTTPMethod.swift */,
			);
			path = Networking;
			sourceTree = "<group>";
		};
		C9CB5F9D2572C51B003CD569 /* Modules */ = {
			isa = PBXGroup;
			children = (
				C9CB5F962572C47F003CD569 /* WeatherToday */,
				C9CB5F982572C48F003CD569 /* ImagesofTheDay */,
			);
			path = Modules;
			sourceTree = "<group>";
		};
		C9CDA81F2576A2FA00BEB86D /* Operations */ = {
			isa = PBXGroup;
			children = (
				C9CDA8202576A31100BEB86D /* URLSessionDataTaskOperation.swift */,
			);
			path = Operations;
			sourceTree = "<group>";
		};
/* End PBXGroup section */

/* Begin PBXNativeTarget section */
		C9AA5E21257236C300538166 /* MyFancyWeatherApp */ = {
			isa = PBXNativeTarget;
			buildConfigurationList = C9AA5E4C257236C500538166 /* Build configuration list for PBXNativeTarget "MyFancyWeatherApp" */;
			buildPhases = (
				27775D04EC41316364F9A599 /* [CP] Check Pods Manifest.lock */,
				C9AA5E1E257236C300538166 /* Sources */,
				C9AA5E1F257236C300538166 /* Frameworks */,
				C9AA5E20257236C300538166 /* Resources */,
				E7002E23F98A9087F7C3DCDA /* [CP] Embed Pods Frameworks */,
			);
			buildRules = (
			);
			dependencies = (
			);
			name = MyFancyWeatherApp;
			productName = MyFancyWeatherApp;
			productReference = C9AA5E22257236C300538166 /* MyFancyWeatherApp.app */;
			productType = "com.apple.product-type.application";
		};
/* End PBXNativeTarget section */

/* Begin PBXProject section */
		C9AA5E1A257236C300538166 /* Project object */ = {
			isa = PBXProject;
			attributes = {
				LastSwiftUpdateCheck = 1220;
				LastUpgradeCheck = 1220;
				TargetAttributes = {
					C9AA5E21257236C300538166 = {
						CreatedOnToolsVersion = 12.2;
					};
				};
			};
			buildConfigurationList = C9AA5E1D257236C300538166 /* Build configuration list for PBXProject "MyFancyWeatherApp" */;
			compatibilityVersion = "Xcode 9.3";
			developmentRegion = en;
			hasScannedForEncodings = 0;
			knownRegions = (
				en,
				Base,
				ar,
			);
			mainGroup = C9AA5E19257236C300538166;
			productRefGroup = C9AA5E23257236C300538166 /* Products */;
			projectDirPath = "";
			projectRoot = "";
			targets = (
				C9AA5E21257236C300538166 /* MyFancyWeatherApp */,
			);
		};
/* End PBXProject section */

/* Begin PBXResourcesBuildPhase section */
		C9AA5E20257236C300538166 /* Resources */ = {
			isa = PBXResourcesBuildPhase;
			buildActionMask = 2147483647;
			files = (
				C9FDF5532573285D00E0BE14 /* Localizable.strings in Resources */,
				C930EA282572D872005EA823 /* Main.storyboard in Resources */,
				C9AA5E32257236C500538166 /* LaunchScreen.storyboard in Resources */,
				C9AA5E2F257236C500538166 /* Assets.xcassets in Resources */,
				C921901D257323050040A58D /* JosefinSans-Semibold.ttf in Resources */,
			);
			runOnlyForDeploymentPostprocessing = 0;
		};
/* End PBXResourcesBuildPhase section */

/* Begin PBXShellScriptBuildPhase section */
		27775D04EC41316364F9A599 /* [CP] Check Pods Manifest.lock */ = {
			isa = PBXShellScriptBuildPhase;
			buildActionMask = 2147483647;
			files = (
			);
			inputFileListPaths = (
			);
			inputPaths = (
				"${PODS_PODFILE_DIR_PATH}/Podfile.lock",
				"${PODS_ROOT}/Manifest.lock",
			);
			name = "[CP] Check Pods Manifest.lock";
			outputFileListPaths = (
			);
			outputPaths = (
				"$(DERIVED_FILE_DIR)/Pods-MyFancyWeatherApp-checkManifestLockResult.txt",
			);
			runOnlyForDeploymentPostprocessing = 0;
			shellPath = /bin/sh;
			shellScript = "diff \"${PODS_PODFILE_DIR_PATH}/Podfile.lock\" \"${PODS_ROOT}/Manifest.lock\" > /dev/null\nif [ $? != 0 ] ; then\n    # print error to STDERR\n    echo \"error: The sandbox is not in sync with the Podfile.lock. Run 'pod install' or update your CocoaPods installation.\" >&2\n    exit 1\nfi\n# This output is used by Xcode 'outputs' to avoid re-running this script phase.\necho \"SUCCESS\" > \"${SCRIPT_OUTPUT_FILE_0}\"\n";
			showEnvVarsInLog = 0;
		};
		E7002E23F98A9087F7C3DCDA /* [CP] Embed Pods Frameworks */ = {
			isa = PBXShellScriptBuildPhase;
			buildActionMask = 2147483647;
			files = (
			);
			inputFileListPaths = (
				"${PODS_ROOT}/Target Support Files/Pods-MyFancyWeatherApp/Pods-MyFancyWeatherApp-frameworks-${CONFIGURATION}-input-files.xcfilelist",
			);
			name = "[CP] Embed Pods Frameworks";
			outputFileListPaths = (
				"${PODS_ROOT}/Target Support Files/Pods-MyFancyWeatherApp/Pods-MyFancyWeatherApp-frameworks-${CONFIGURATION}-output-files.xcfilelist",
			);
			runOnlyForDeploymentPostprocessing = 0;
			shellPath = /bin/sh;
			shellScript = "\"${PODS_ROOT}/Target Support Files/Pods-MyFancyWeatherApp/Pods-MyFancyWeatherApp-frameworks.sh\"\n";
			showEnvVarsInLog = 0;
		};
/* End PBXShellScriptBuildPhase section */

/* Begin PBXSourcesBuildPhase section */
		C9AA5E1E257236C300538166 /* Sources */ = {
			isa = PBXSourcesBuildPhase;
			buildActionMask = 2147483647;
			files = (
				C92509FF2573052500EB1ED9 /* UserDefaultsHelper.swift in Sources */,
				C9AA5E26257236C300538166 /* AppDelegate.swift in Sources */,
				C930EA1B2572C80C005EA823 /* NetworkingInterface.swift in Sources */,
				C930EA3F2572DD14005EA823 /* BaseMVP.swift in Sources */,
				C9250A082573127800EB1ED9 /* ImageofTheDayCell.swift in Sources */,
				C9CDA8212576A31100BEB86D /* URLSessionDataTaskOperation.swift in Sources */,
				C930EA432572DE75005EA823 /* WeatherService.swift in Sources */,
				C92509F52572EFD600EB1ED9 /* WindTableCell.swift in Sources */,
				C9250A0525730A8A00EB1ED9 /* UIImageViewExtension.swift in Sources */,
				C930EA552572E777005EA823 /* CellAbstraction.swift in Sources */,
				C9CB5F8F2572C13B003CD569 /* Environment.swift in Sources */,
				C930EA242572CC22005EA823 /* DictionaryExtension.swift in Sources */,
				C9219019257321730040A58D /* UIScrollViewExtension.swift in Sources */,
				C930EA212572C859005EA823 /* HTTPMethod.swift in Sources */,
				C9CB5F922572C32F003CD569 /* WeatherDataModel.swift in Sources */,
				C930EA502572E73F005EA823 /* MainTableCell.swift in Sources */,
				C9CB5F8C2572C0D6003CD569 /* EndPoints.swift in Sources */,
				C930EA1E2572C824005EA823 /* StatusCode.swift in Sources */,
				C930EA182572C76E005EA823 /* NetworkingManager.swift in Sources */,
				C9882B082572B00A00D23D8E /* WeatherTodayController.swift in Sources */,
				C92509FC257301D500EB1ED9 /* Constants.swift in Sources */,
				C92509F92572EFE300EB1ED9 /* CloudTableCell.swift in Sources */,
				C9882B0D2572B08000D23D8E /* ImagesOfTheDayController.swift in Sources */,
				C930EA2E2572DC81005EA823 /* WeatherTodayPresenter.swift in Sources */,
				C930EA4A2572E3CC005EA823 /* CountryModel.swift in Sources */,
			);
			runOnlyForDeploymentPostprocessing = 0;
		};
/* End PBXSourcesBuildPhase section */

/* Begin PBXVariantGroup section */
		C9AA5E30257236C500538166 /* LaunchScreen.storyboard */ = {
			isa = PBXVariantGroup;
			children = (
				C9AA5E31257236C500538166 /* Base */,
				C9FDF54B257327BB00E0BE14 /* ar */,
			);
			name = LaunchScreen.storyboard;
			sourceTree = "<group>";
		};
		C9FDF5552573285D00E0BE14 /* Localizable.strings */ = {
			isa = PBXVariantGroup;
			children = (
				C9FDF5542573285D00E0BE14 /* ar */,
				C9FDF5572573286400E0BE14 /* en */,
			);
			name = Localizable.strings;
			sourceTree = "<group>";
		};
/* End PBXVariantGroup section */

/* Begin XCBuildConfiguration section */
		C9AA5E4A257236C500538166 /* Debug */ = {
			isa = XCBuildConfiguration;
			buildSettings = {
				ALWAYS_SEARCH_USER_PATHS = NO;
				CLANG_ANALYZER_LOCALIZABILITY_NONLOCALIZED = YES;
				CLANG_ANALYZER_NONNULL = YES;
				CLANG_ANALYZER_NUMBER_OBJECT_CONVERSION = YES_AGGRESSIVE;
				CLANG_CXX_LANGUAGE_STANDARD = "gnu++14";
				CLANG_CXX_LIBRARY = "libc++";
				CLANG_ENABLE_MODULES = YES;
				CLANG_ENABLE_OBJC_ARC = YES;
				CLANG_ENABLE_OBJC_WEAK = YES;
				CLANG_WARN_BLOCK_CAPTURE_AUTORELEASING = YES;
				CLANG_WARN_BOOL_CONVERSION = YES;
				CLANG_WARN_COMMA = YES;
				CLANG_WARN_CONSTANT_CONVERSION = YES;
				CLANG_WARN_DEPRECATED_OBJC_IMPLEMENTATIONS = YES;
				CLANG_WARN_DIRECT_OBJC_ISA_USAGE = YES_ERROR;
				CLANG_WARN_DOCUMENTATION_COMMENTS = YES;
				CLANG_WARN_EMPTY_BODY = YES;
				CLANG_WARN_ENUM_CONVERSION = YES;
				CLANG_WARN_INFINITE_RECURSION = YES;
				CLANG_WARN_INT_CONVERSION = YES;
				CLANG_WARN_NON_LITERAL_NULL_CONVERSION = YES;
				CLANG_WARN_OBJC_IMPLICIT_RETAIN_SELF = YES;
				CLANG_WARN_OBJC_LITERAL_CONVERSION = YES;
				CLANG_WARN_OBJC_ROOT_CLASS = YES_ERROR;
				CLANG_WARN_QUOTED_INCLUDE_IN_FRAMEWORK_HEADER = YES;
				CLANG_WARN_RANGE_LOOP_ANALYSIS = YES;
				CLANG_WARN_STRICT_PROTOTYPES = YES;
				CLANG_WARN_SUSPICIOUS_MOVE = YES;
				CLANG_WARN_UNGUARDED_AVAILABILITY = YES_AGGRESSIVE;
				CLANG_WARN_UNREACHABLE_CODE = YES;
				CLANG_WARN__DUPLICATE_METHOD_MATCH = YES;
				COPY_PHASE_STRIP = NO;
				DEBUG_INFORMATION_FORMAT = dwarf;
				ENABLE_STRICT_OBJC_MSGSEND = YES;
				ENABLE_TESTABILITY = YES;
				GCC_C_LANGUAGE_STANDARD = gnu11;
				GCC_DYNAMIC_NO_PIC = NO;
				GCC_NO_COMMON_BLOCKS = YES;
				GCC_OPTIMIZATION_LEVEL = 0;
				GCC_PREPROCESSOR_DEFINITIONS = (
					"DEBUG=1",
					"$(inherited)",
				);
				GCC_WARN_64_TO_32_BIT_CONVERSION = YES;
				GCC_WARN_ABOUT_RETURN_TYPE = YES_ERROR;
				GCC_WARN_UNDECLARED_SELECTOR = YES;
				GCC_WARN_UNINITIALIZED_AUTOS = YES_AGGRESSIVE;
				GCC_WARN_UNUSED_FUNCTION = YES;
				GCC_WARN_UNUSED_VARIABLE = YES;
				IPHONEOS_DEPLOYMENT_TARGET = 14.2;
				MTL_ENABLE_DEBUG_INFO = INCLUDE_SOURCE;
				MTL_FAST_MATH = YES;
				ONLY_ACTIVE_ARCH = YES;
				SDKROOT = iphoneos;
				SWIFT_ACTIVE_COMPILATION_CONDITIONS = DEBUG;
				SWIFT_OPTIMIZATION_LEVEL = "-Onone";
			};
			name = Debug;
		};
		C9AA5E4B257236C500538166 /* Release */ = {
			isa = XCBuildConfiguration;
			buildSettings = {
				ALWAYS_SEARCH_USER_PATHS = NO;
				CLANG_ANALYZER_LOCALIZABILITY_NONLOCALIZED = YES;
				CLANG_ANALYZER_NONNULL = YES;
				CLANG_ANALYZER_NUMBER_OBJECT_CONVERSION = YES_AGGRESSIVE;
				CLANG_CXX_LANGUAGE_STANDARD = "gnu++14";
				CLANG_CXX_LIBRARY = "libc++";
				CLANG_ENABLE_MODULES = YES;
				CLANG_ENABLE_OBJC_ARC = YES;
				CLANG_ENABLE_OBJC_WEAK = YES;
				CLANG_WARN_BLOCK_CAPTURE_AUTORELEASING = YES;
				CLANG_WARN_BOOL_CONVERSION = YES;
				CLANG_WARN_COMMA = YES;
				CLANG_WARN_CONSTANT_CONVERSION = YES;
				CLANG_WARN_DEPRECATED_OBJC_IMPLEMENTATIONS = YES;
				CLANG_WARN_DIRECT_OBJC_ISA_USAGE = YES_ERROR;
				CLANG_WARN_DOCUMENTATION_COMMENTS = YES;
				CLANG_WARN_EMPTY_BODY = YES;
				CLANG_WARN_ENUM_CONVERSION = YES;
				CLANG_WARN_INFINITE_RECURSION = YES;
				CLANG_WARN_INT_CONVERSION = YES;
				CLANG_WARN_NON_LITERAL_NULL_CONVERSION = YES;
				CLANG_WARN_OBJC_IMPLICIT_RETAIN_SELF = YES;
				CLANG_WARN_OBJC_LITERAL_CONVERSION = YES;
				CLANG_WARN_OBJC_ROOT_CLASS = YES_ERROR;
				CLANG_WARN_QUOTED_INCLUDE_IN_FRAMEWORK_HEADER = YES;
				CLANG_WARN_RANGE_LOOP_ANALYSIS = YES;
				CLANG_WARN_STRICT_PROTOTYPES = YES;
				CLANG_WARN_SUSPICIOUS_MOVE = YES;
				CLANG_WARN_UNGUARDED_AVAILABILITY = YES_AGGRESSIVE;
				CLANG_WARN_UNREACHABLE_CODE = YES;
				CLANG_WARN__DUPLICATE_METHOD_MATCH = YES;
				COPY_PHASE_STRIP = NO;
				DEBUG_INFORMATION_FORMAT = "dwarf-with-dsym";
				ENABLE_NS_ASSERTIONS = NO;
				ENABLE_STRICT_OBJC_MSGSEND = YES;
				GCC_C_LANGUAGE_STANDARD = gnu11;
				GCC_NO_COMMON_BLOCKS = YES;
				GCC_WARN_64_TO_32_BIT_CONVERSION = YES;
				GCC_WARN_ABOUT_RETURN_TYPE = YES_ERROR;
				GCC_WARN_UNDECLARED_SELECTOR = YES;
				GCC_WARN_UNINITIALIZED_AUTOS = YES_AGGRESSIVE;
				GCC_WARN_UNUSED_FUNCTION = YES;
				GCC_WARN_UNUSED_VARIABLE = YES;
				IPHONEOS_DEPLOYMENT_TARGET = 14.2;
				MTL_ENABLE_DEBUG_INFO = NO;
				MTL_FAST_MATH = YES;
				SDKROOT = iphoneos;
				SWIFT_COMPILATION_MODE = wholemodule;
				SWIFT_OPTIMIZATION_LEVEL = "-O";
				VALIDATE_PRODUCT = YES;
			};
			name = Release;
		};
		C9AA5E4D257236C500538166 /* Debug */ = {
			isa = XCBuildConfiguration;
			baseConfigurationReference = C9CB5F732572C057003CD569 /* Development.xcconfig */;
			buildSettings = {
				ASSETCATALOG_COMPILER_APPICON_NAME = AppIcon;
				ASSETCATALOG_COMPILER_GLOBAL_ACCENT_COLOR_NAME = AccentColor;
				CODE_SIGN_STYLE = Automatic;
				DEVELOPMENT_TEAM = BDZ9JJAWHH;
				INFOPLIST_FILE = MyFancyWeatherApp/Resources/Info.plist;
				IPHONEOS_DEPLOYMENT_TARGET = 13.0;
				LD_RUNPATH_SEARCH_PATHS = (
					"$(inherited)",
					"@executable_path/Frameworks",
				);
				PRODUCT_BUNDLE_IDENTIFIER = SanadBarjawi.MyFancyWeatherApp;
				PRODUCT_NAME = "$(TARGET_NAME)";
				SWIFT_VERSION = 5.0;
				TARGETED_DEVICE_FAMILY = 1;
			};
			name = Debug;
		};
		C9AA5E4E257236C500538166 /* Release */ = {
			isa = XCBuildConfiguration;
			baseConfigurationReference = C9CB5F742572C061003CD569 /* Production.xcconfig */;
			buildSettings = {
				ASSETCATALOG_COMPILER_APPICON_NAME = AppIcon;
				ASSETCATALOG_COMPILER_GLOBAL_ACCENT_COLOR_NAME = AccentColor;
				CODE_SIGN_STYLE = Automatic;
				DEVELOPMENT_TEAM = BDZ9JJAWHH;
				INFOPLIST_FILE = MyFancyWeatherApp/Resources/Info.plist;
				IPHONEOS_DEPLOYMENT_TARGET = 13.0;
				LD_RUNPATH_SEARCH_PATHS = (
					"$(inherited)",
					"@executable_path/Frameworks",
				);
				PRODUCT_BUNDLE_IDENTIFIER = SanadBarjawi.MyFancyWeatherApp;
				PRODUCT_NAME = "$(TARGET_NAME)";
				SWIFT_VERSION = 5.0;
				TARGETED_DEVICE_FAMILY = 1;
			};
			name = Release;
		};
/* End XCBuildConfiguration section */

/* Begin XCConfigurationList section */
		C9AA5E1D257236C300538166 /* Build configuration list for PBXProject "MyFancyWeatherApp" */ = {
			isa = XCConfigurationList;
			buildConfigurations = (
				C9AA5E4A257236C500538166 /* Debug */,
				C9AA5E4B257236C500538166 /* Release */,
			);
			defaultConfigurationIsVisible = 0;
			defaultConfigurationName = Release;
		};
		C9AA5E4C257236C500538166 /* Build configuration list for PBXNativeTarget "MyFancyWeatherApp" */ = {
			isa = XCConfigurationList;
			buildConfigurations = (
				C9AA5E4D257236C500538166 /* Debug */,
				C9AA5E4E257236C500538166 /* Release */,
			);
			defaultConfigurationIsVisible = 0;
			defaultConfigurationName = Release;
		};
/* End XCConfigurationList section */
	};
	rootObject = C9AA5E1A257236C300538166 /* Project object */;
}
